
Microsoft Visual Studio Solution File, Format Version 12.00
# Visual Studio Version 17
VisualStudioVersion = 17.12.35527.113
MinimumVisualStudioVersion = 10.0.40219.1
Project("{FAE04EC0-301F-11D3-BF4B-00C04F79EFBC}") = "Client", "Client\Client.csproj", "{A9243BEF-F45A-4A0D-9269-0EE34911D65F}"
EndProject
Project("{FAE04EC0-301F-11D3-BF4B-00C04F79EFBC}") = "Domain", "Domain\Domain.csproj", "{5C931217-55A8-4815-B1BA-E95478A09D0E}"
EndProject
Project("{FAE04EC0-301F-11D3-BF4B-00C04F79EFBC}") = "Services", "Services\Services.csproj", "{25B9CCCB-23EB-4B39-9E5B-97A9930E9D33}"
EndProject
Global
	GlobalSection(SolutionConfigurationPlatforms) = preSolution
		Debug|Any CPU = Debug|Any CPU
		Release|Any CPU = Release|Any CPU
	EndGlobalSection
	GlobalSection(ProjectConfigurationPlatforms) = postSolution
		{A9243BEF-F45A-4A0D-9269-0EE34911D65F}.Debug|Any CPU.ActiveCfg = Debug|Any CPU
		{A9243BEF-F45A-4A0D-9269-0EE34911D65F}.Debug|Any CPU.Build.0 = Debug|Any CPU
		{A9243BEF-F45A-4A0D-9269-0EE34911D65F}.Release|Any CPU.ActiveCfg = Release|Any CPU
		{A9243BEF-F45A-4A0D-9269-0EE34911D65F}.Release|Any CPU.Build.0 = Release|Any CPU
		{5C931217-55A8-4815-B1BA-E95478A09D0E}.Debug|Any CPU.ActiveCfg = Debug|Any CPU
		{5C931217-55A8-4815-B1BA-E95478A09D0E}.Debug|Any CPU.Build.0 = Debug|Any CPU
		{5C931217-55A8-4815-B1BA-E95478A09D0E}.Release|Any CPU.ActiveCfg = Release|Any CPU
		{5C931217-55A8-4815-B1BA-E95478A09D0E}.Release|Any CPU.Build.0 = Release|Any CPU
		{25B9CCCB-23EB-4B39-9E5B-97A9930E9D33}.Debug|Any CPU.ActiveCfg = Debug|Any CPU
		{25B9CCCB-23EB-4B39-9E5B-97A9930E9D33}.Debug|Any CPU.Build.0 = Debug|Any CPU
		{25B9CCCB-23EB-4B39-9E5B-97A9930E9D33}.Release|Any CPU.ActiveCfg = Release|Any CPU
		{25B9CCCB-23EB-4B39-9E5B-97A9930E9D33}.Release|Any CPU.Build.0 = Release|Any CPU
	EndGlobalSection
	GlobalSection(SolutionProperties) = preSolution
		HideSolutionNode = FALSE
	EndGlobalSection
	GlobalSection(ExtensibilityGlobals) = postSolution
		SolutionGuid = {41FF813C-D177-449E-B5A2-BD6B2E9495F9}
	EndGlobalSection
EndGlobal
